Microsoft Visual Studio Solution File, Format Version 12.00
# Visual Studio Version 17
VisualStudioVersion = 17.13.35913.81 d17.13
MinimumVisualStudioVersion = 10.0.40219.1
Project("{2150E333-8FDC-42A3-9474-1A3956D46DE8}") = "Solution Items", "Solution Items", "{2D426765-F89F-41C7-9650-A8A5758AE94B}"
	ProjectSection(SolutionItems) = preProject
		src\Providers\DataProviders\SqlDataProvider\07.00.00.SqlDataProvider = src\Providers\DataProviders\SqlDataProvider\07.00.00.SqlDataProvider
		src\Providers\DataProviders\SqlDataProvider\07.00.01.SqlDataProvider = src\Providers\DataProviders\SqlDataProvider\07.00.01.SqlDataProvider
		src\DotNetNuke.Announcements.dnn = src\DotNetNuke.Announcements.dnn
		src\Installation\Project.targets = src\Installation\Project.targets
		src\Providers\DataProviders\SqlDataProvider\Uninstall.SqlDataProvider = src\Providers\DataProviders\SqlDataProvider\Uninstall.SqlDataProvider
		src\Installation\version.txt = src\Installation\version.txt
	EndProjectSection
EndProject
Project("{2150E333-8FDC-42A3-9474-1A3956D46DE8}") = ".github", ".github", "{BCBFC482-5036-4853-9D4F-7EE93052CA1A}"
	ProjectSection(SolutionItems) = preProject
		.github\CONTRIBUTING.md = .github\CONTRIBUTING.md
		.github\PULL_REQUEST_TEMPLATE.md = .github\PULL_REQUEST_TEMPLATE.md
	EndProjectSection
EndProject
Project("{2150E333-8FDC-42A3-9474-1A3956D46DE8}") = "ISSUE_TEMPLATE", "ISSUE_TEMPLATE", "{B2545F93-62C8-46A8-A8AF-67723E6B8B93}"
	ProjectSection(SolutionItems) = preProject
		.github\ISSUE_TEMPLATE\bug_report.md = .github\ISSUE_TEMPLATE\bug_report.md
		.github\ISSUE_TEMPLATE\feature_request.md = .github\ISSUE_TEMPLATE\feature_request.md
		.github\ISSUE_TEMPLATE\help-and-other-questions.md = .github\ISSUE_TEMPLATE\help-and-other-questions.md
	EndProjectSection
EndProject
Project("{FAE04EC0-301F-11D3-BF4B-00C04F79EFBC}") = "DotNetNuke.Announcements", "src\DotNetNuke.Announcements.csproj", "{F2A89441-0CB8-4FB2-91BF-C81E9D2626E3}"
EndProject
Project("{FAE04EC0-301F-11D3-BF4B-00C04F79EFBC}") = "DotNetNuke.Announcements.Tests", "tests\DotNetNuke.Announcements.Tests.csproj", "{C54D4260-1018-42B6-A21A-CC5982351BB3}"
EndProject
Global
	GlobalSection(SolutionConfigurationPlatforms) = preSolution
		Debug|Any CPU = Debug|Any CPU
		DebugDeploy|Any CPU = DebugDeploy|Any CPU
		Release|Any CPU = Release|Any CPU
	EndGlobalSection
	GlobalSection(ProjectConfigurationPlatforms) = postSolution
		{F2A89441-0CB8-4FB2-91BF-C81E9D2626E3}.Debug|Any CPU.ActiveCfg = Debug|Any CPU
		{F2A89441-0CB8-4FB2-91BF-C81E9D2626E3}.Debug|Any CPU.Build.0 = Debug|Any CPU
		{F2A89441-0CB8-4FB2-91BF-C81E9D2626E3}.DebugDeploy|Any CPU.ActiveCfg = DebugDeploy|Any CPU
		{F2A89441-0CB8-4FB2-91BF-C81E9D2626E3}.DebugDeploy|Any CPU.Build.0 = DebugDeploy|Any CPU
		{F2A89441-0CB8-4FB2-91BF-C81E9D2626E3}.Release|Any CPU.ActiveCfg = Release|Any CPU
		{F2A89441-0CB8-4FB2-91BF-C81E9D2626E3}.Release|Any CPU.Build.0 = Release|Any CPU
		{C54D4260-1018-42B6-A21A-CC5982351BB3}.Debug|Any CPU.ActiveCfg = Debug|Any CPU
		{C54D4260-1018-42B6-A21A-CC5982351BB3}.Debug|Any CPU.Build.0 = Debug|Any CPU
		{C54D4260-1018-42B6-A21A-CC5982351BB3}.DebugDeploy|Any CPU.ActiveCfg = Debug|Any CPU
		{C54D4260-1018-42B6-A21A-CC5982351BB3}.DebugDeploy|Any CPU.Build.0 = Debug|Any CPU
		{C54D4260-1018-42B6-A21A-CC5982351BB3}.Release|Any CPU.ActiveCfg = Release|Any CPU
		{C54D4260-1018-42B6-A21A-CC5982351BB3}.Release|Any CPU.Build.0 = Release|Any CPU
	EndGlobalSection
	GlobalSection(SolutionProperties) = preSolution
		HideSolutionNode = FALSE
	EndGlobalSection
	GlobalSection(NestedProjects) = preSolution
		{BCBFC482-5036-4853-9D4F-7EE93052CA1A} = {2D426765-F89F-41C7-9650-A8A5758AE94B}
		{B2545F93-62C8-46A8-A8AF-67723E6B8B93} = {BCBFC482-5036-4853-9D4F-7EE93052CA1A}
	EndGlobalSection
	GlobalSection(ExtensibilityGlobals) = postSolution
		SolutionGuid = {8A00AC28-D068-4148-BA12-01CF6269D9B3}
	EndGlobalSection
EndGlobal
